
Microsoft Visual Studio Solution File, Format Version 12.00
# Visual Studio Version 16
VisualStudioVersion = 16.0.30523.141
MinimumVisualStudioVersion = 10.0.40219.1
Project("{FAE04EC0-301F-11D3-BF4B-00C04F79EFBC}") = "AProductAPI", "AProductAPI\AProductAPI.csproj", "{80FFD75F-B667-4093-AB3B-8B3C9C7C5DDC}"
EndProject
Project("{FAE04EC0-301F-11D3-BF4B-00C04F79EFBC}") = "BProductAPI", "BProductAPI\BProductAPI.csproj", "{F1775849-25D5-483D-AA2B-CAFF6826E2E7}"
EndProject
Project("{FAE04EC0-301F-11D3-BF4B-00C04F79EFBC}") = "GetwayAPIDemo1", "GetwayAPIDemo1\GetwayAPIDemo1.csproj", "{44D7C81D-B93B-42F0-BBFD-D91296A12B51}"
EndProject
Global
	GlobalSection(SolutionConfigurationPlatforms) = preSolution
		Debug|Any CPU = Debug|Any CPU
		Release|Any CPU = Release|Any CPU
	EndGlobalSection
	GlobalSection(ProjectConfigurationPlatforms) = postSolution
		{80FFD75F-B667-4093-AB3B-8B3C9C7C5DDC}.Debug|Any CPU.ActiveCfg = Debug|Any CPU
		{80FFD75F-B667-4093-AB3B-8B3C9C7C5DDC}.Debug|Any CPU.Build.0 = Debug|Any CPU
		{80FFD75F-B667-4093-AB3B-8B3C9C7C5DDC}.Release|Any CPU.ActiveCfg = Release|Any CPU
		{80FFD75F-B667-4093-AB3B-8B3C9C7C5DDC}.Release|Any CPU.Build.0 = Release|Any CPU
		{F1775849-25D5-483D-AA2B-CAFF6826E2E7}.Debug|Any CPU.ActiveCfg = Debug|Any CPU
		{F1775849-25D5-483D-AA2B-CAFF6826E2E7}.Debug|Any CPU.Build.0 = Debug|Any CPU
		{F1775849-25D5-483D-AA2B-CAFF6826E2E7}.Release|Any CPU.ActiveCfg = Release|Any CPU
		{F1775849-25D5-483D-AA2B-CAFF6826E2E7}.Release|Any CPU.Build.0 = Release|Any CPU
		{44D7C81D-B93B-42F0-BBFD-D91296A12B51}.Debug|Any CPU.ActiveCfg = Debug|Any CPU
		{44D7C81D-B93B-42F0-BBFD-D91296A12B51}.Debug|Any CPU.Build.0 = Debug|Any CPU
		{44D7C81D-B93B-42F0-BBFD-D91296A12B51}.Release|Any CPU.ActiveCfg = Release|Any CPU
		{44D7C81D-B93B-42F0-BBFD-D91296A12B51}.Release|Any CPU.Build.0 = Release|Any CPU
	EndGlobalSection
	GlobalSection(SolutionProperties) = preSolution
		HideSolutionNode = FALSE
	EndGlobalSection
	GlobalSection(ExtensibilityGlobals) = postSolution
		SolutionGuid = {BAA011D2-80F9-47FE-B56F-AEA105DDC890}
	EndGlobalSection
EndGlobal
